// !$*UTF8*$!
{
	archiveVersion = 1;
	classes = {
	};
	objectVersion = 55;
	objects = {

/* Begin PBXBuildFile section */
		71002E59289110FC00E7399A /* PatientPillBagTableViewCell.swift in Sources */ = {isa = PBXBuildFile; fileRef = 71002E58289110FC00E7399A /* PatientPillBagTableViewCell.swift */; };
		71002E5F289274A600E7399A /* CornerRadius+Extensions.swift in Sources */ = {isa = PBXBuildFile; fileRef = 71002E5E289274A600E7399A /* CornerRadius+Extensions.swift */; };
		711EB701288FBE4B00468B89 /* PatientPillBagView.storyboard in Resources */ = {isa = PBXBuildFile; fileRef = 711EB700288FBE4B00468B89 /* PatientPillBagView.storyboard */; };
		7139C349288FC60700783A28 /* PatientPillBagViewController.swift in Sources */ = {isa = PBXBuildFile; fileRef = 7139C348288FC60700783A28 /* PatientPillBagViewController.swift */; };
		8E30720F289018C7007F6CB1 /* ColorExtension.swift in Sources */ = {isa = PBXBuildFile; fileRef = 8E30720E289018C7007F6CB1 /* ColorExtension.swift */; };
		B92EF31E2886888B00AEC6E9 /* Letter.swift in Sources */ = {isa = PBXBuildFile; fileRef = B92EF31D2886888B00AEC6E9 /* Letter.swift */; };
		B92EF3202886889500AEC6E9 /* Hospital.swift in Sources */ = {isa = PBXBuildFile; fileRef = B92EF31F2886889500AEC6E9 /* Hospital.swift */; };
		B92EF32328868AE500AEC6E9 /* FirebaseService.swift in Sources */ = {isa = PBXBuildFile; fileRef = B92EF32228868AE500AEC6E9 /* FirebaseService.swift */; };
		B94C2D5B287FFBC300B3C442 /* AppDelegate.swift in Sources */ = {isa = PBXBuildFile; fileRef = B94C2D5A287FFBC300B3C442 /* AppDelegate.swift */; };
		B94C2D5D287FFBC300B3C442 /* SceneDelegate.swift in Sources */ = {isa = PBXBuildFile; fileRef = B94C2D5C287FFBC300B3C442 /* SceneDelegate.swift */; };
		B94C2D5F287FFBC300B3C442 /* ViewController.swift in Sources */ = {isa = PBXBuildFile; fileRef = B94C2D5E287FFBC300B3C442 /* ViewController.swift */; };
		B94C2D62287FFBC300B3C442 /* Main.storyboard in Resources */ = {isa = PBXBuildFile; fileRef = B94C2D60287FFBC300B3C442 /* Main.storyboard */; };
		B94C2D64287FFBC400B3C442 /* Assets.xcassets in Resources */ = {isa = PBXBuildFile; fileRef = B94C2D63287FFBC400B3C442 /* Assets.xcassets */; };
		B94C2D67287FFBC400B3C442 /* LaunchScreen.storyboard in Resources */ = {isa = PBXBuildFile; fileRef = B94C2D65287FFBC400B3C442 /* LaunchScreen.storyboard */; };
		B94C2D6F287FFD5000B3C442 /* GoogleService-Info.plist in Resources */ = {isa = PBXBuildFile; fileRef = B94C2D6E287FFD5000B3C442 /* GoogleService-Info.plist */; };
		B94C2D722880002200B3C442 /* FirebaseAnalytics in Frameworks */ = {isa = PBXBuildFile; productRef = B94C2D712880002200B3C442 /* FirebaseAnalytics */; };
		B94C2D742880002200B3C442 /* FirebaseAuth in Frameworks */ = {isa = PBXBuildFile; productRef = B94C2D732880002200B3C442 /* FirebaseAuth */; };
		B94C2D762880002200B3C442 /* FirebaseDatabase in Frameworks */ = {isa = PBXBuildFile; productRef = B94C2D752880002200B3C442 /* FirebaseDatabase */; };
		B97645EC2887F0500093FDAA /* SelectUserViewController.swift in Sources */ = {isa = PBXBuildFile; fileRef = B97645EB2887F0500093FDAA /* SelectUserViewController.swift */; };
		B97EACA7288FB64900DA8A93 /* WriteLetter.storyboard in Resources */ = {isa = PBXBuildFile; fileRef = B97EACA6288FB64900DA8A93 /* WriteLetter.storyboard */; };
		B9A271E22887EAB100B504B1 /* SelectHospital.storyboard in Resources */ = {isa = PBXBuildFile; fileRef = B9A271E12887EAB100B504B1 /* SelectHospital.storyboard */; };
		B9A271E42887EACF00B504B1 /* TestViewController.swift in Sources */ = {isa = PBXBuildFile; fileRef = B9A271E32887EACF00B504B1 /* TestViewController.swift */; };
		B9A271E62887EAE200B504B1 /* HospitalViewController.swift in Sources */ = {isa = PBXBuildFile; fileRef = B9A271E52887EAE200B504B1 /* HospitalViewController.swift */; };
		B9A271E82887EAE700B504B1 /* LetterViewController.swift in Sources */ = {isa = PBXBuildFile; fileRef = B9A271E72887EAE700B504B1 /* LetterViewController.swift */; };
		B9A271EA2887ECF400B504B1 /* SelectUser.storyboard in Resources */ = {isa = PBXBuildFile; fileRef = B9A271E92887ECF400B504B1 /* SelectUser.storyboard */; };
		B9A271EE2887ED0E00B504B1 /* NurseViewController.swift in Sources */ = {isa = PBXBuildFile; fileRef = B9A271EB2887ED0E00B504B1 /* NurseViewController.swift */; };
		B9A271F02887ED0E00B504B1 /* PatientViewController.swift in Sources */ = {isa = PBXBuildFile; fileRef = B9A271ED2887ED0E00B504B1 /* PatientViewController.swift */; };
		B9BAD976288153D900EE530F /* FirebaseAnalytics in Frameworks */ = {isa = PBXBuildFile; productRef = B9BAD975288153D900EE530F /* FirebaseAnalytics */; };
		B9BAD978288153D900EE530F /* FirebaseAuth in Frameworks */ = {isa = PBXBuildFile; productRef = B9BAD977288153D900EE530F /* FirebaseAuth */; };
		B9BAD97A288153D900EE530F /* FirebaseFirestore in Frameworks */ = {isa = PBXBuildFile; productRef = B9BAD979288153D900EE530F /* FirebaseFirestore */; };
		E15AC77928904D9A004BE3E8 /* NursePillBagView.storyboard in Resources */ = {isa = PBXBuildFile; fileRef = E15AC77828904D9A004BE3E8 /* NursePillBagView.storyboard */; };
		E15AC77B28904DFB004BE3E8 /* NursePillBagViewController.swift in Sources */ = {isa = PBXBuildFile; fileRef = E15AC77A28904DFB004BE3E8 /* NursePillBagViewController.swift */; };
		E15AC7A7289114B2004BE3E8 /* NursePillBagViewCell.swift in Sources */ = {isa = PBXBuildFile; fileRef = E15AC7A6289114B2004BE3E8 /* NursePillBagViewCell.swift */; };
		E183BD1F28922E52000A21A1 /* DashedLineView.swift in Sources */ = {isa = PBXBuildFile; fileRef = E183BD1E28922E52000A21A1 /* DashedLineView.swift */; };
		EC09B6742888387100632D72 /* NurseMainViewController.swift in Sources */ = {isa = PBXBuildFile; fileRef = EC09B6722888387000632D72 /* NurseMainViewController.swift */; };
		EC09B6752888387100632D72 /* NurseMainView.storyboard in Resources */ = {isa = PBXBuildFile; fileRef = EC09B6732888387000632D72 /* NurseMainView.storyboard */; };
		EC09B6792888388F00632D72 /* LetterCustomTableViewCell.swift in Sources */ = {isa = PBXBuildFile; fileRef = EC09B6762888388F00632D72 /* LetterCustomTableViewCell.swift */; };
		EC09B67A2888388F00632D72 /* NurseMainSectionHeader.swift in Sources */ = {isa = PBXBuildFile; fileRef = EC09B6772888388F00632D72 /* NurseMainSectionHeader.swift */; };
		EC09B67B2888388F00632D72 /* DDayCustomTableViewCell.swift in Sources */ = {isa = PBXBuildFile; fileRef = EC09B6782888388F00632D72 /* DDayCustomTableViewCell.swift */; };
		EC09B68128883D4200632D72 /* CardDetailView.storyboard in Resources */ = {isa = PBXBuildFile; fileRef = EC09B67F28883D4100632D72 /* CardDetailView.storyboard */; };
		EC09B68228883D4200632D72 /* CardDetailViewController.swift in Sources */ = {isa = PBXBuildFile; fileRef = EC09B68028883D4200632D72 /* CardDetailViewController.swift */; };
		EC09B6842888535400632D72 /* NurseMainTableHeader.swift in Sources */ = {isa = PBXBuildFile; fileRef = EC09B6832888535400632D72 /* NurseMainTableHeader.swift */; };
		EC622BC32892B05500F60D95 /* NursePrescriptionView.storyboard in Resources */ = {isa = PBXBuildFile; fileRef = EC622BC22892B05500F60D95 /* NursePrescriptionView.storyboard */; };
		EC7767902895328700C62E0C /* UIViewController+Extension.swift in Sources */ = {isa = PBXBuildFile; fileRef = EC77678F2895328700C62E0C /* UIViewController+Extension.swift */; };
		EC9633B32892BF3F0064E1BA /* NursePrescriptionViewController.swift in Sources */ = {isa = PBXBuildFile; fileRef = EC9633B22892BF3F0064E1BA /* NursePrescriptionViewController.swift */; };
		EC9633B72893AA730064E1BA /* Date+Extension.swift in Sources */ = {isa = PBXBuildFile; fileRef = EC9633B62893AA730064E1BA /* Date+Extension.swift */; };
		ECE52228288FBC7200B3C509 /* NurseMain.storyboard in Resources */ = {isa = PBXBuildFile; fileRef = ECE52227288FBC7200B3C509 /* NurseMain.storyboard */; };
		ECF246B2289039770025581F /* NurseMainController.swift in Sources */ = {isa = PBXBuildFile; fileRef = ECF246B1289039770025581F /* NurseMainController.swift */; };
		ECF246B4289039A00025581F /* UIView+Extension.swift in Sources */ = {isa = PBXBuildFile; fileRef = ECF246B3289039A00025581F /* UIView+Extension.swift */; };
		ECF246C028910EF30025581F /* SelectMood.xib in Resources */ = {isa = PBXBuildFile; fileRef = ECF246BF28910EF30025581F /* SelectMood.xib */; };
		ECF246C2289118B20025581F /* XibUIViewExtension.swift in Sources */ = {isa = PBXBuildFile; fileRef = ECF246C1289118B20025581F /* XibUIViewExtension.swift */; };
		ECF246C4289119E50025581F /* SelectMood.swift in Sources */ = {isa = PBXBuildFile; fileRef = ECF246C3289119E50025581F /* SelectMood.swift */; };
/* End PBXBuildFile section */

/* Begin PBXFileReference section */
		71002E58289110FC00E7399A /* PatientPillBagTableViewCell.swift */ = {isa = PBXFileReference; lastKnownFileType = sourcecode.swift; path = PatientPillBagTableViewCell.swift; sourceTree = "<group>"; };
		71002E5E289274A600E7399A /* CornerRadius+Extensions.swift */ = {isa = PBXFileReference; lastKnownFileType = sourcecode.swift; path = "CornerRadius+Extensions.swift"; sourceTree = "<group>"; };
		711EB700288FBE4B00468B89 /* PatientPillBagView.storyboard */ = {isa = PBXFileReference; lastKnownFileType = file.storyboard; path = PatientPillBagView.storyboard; sourceTree = "<group>"; };
		7139C348288FC60700783A28 /* PatientPillBagViewController.swift */ = {isa = PBXFileReference; lastKnownFileType = sourcecode.swift; path = PatientPillBagViewController.swift; sourceTree = "<group>"; };
		8E30720E289018C7007F6CB1 /* ColorExtension.swift */ = {isa = PBXFileReference; lastKnownFileType = sourcecode.swift; path = ColorExtension.swift; sourceTree = "<group>"; };
		B92EF31D2886888B00AEC6E9 /* Letter.swift */ = {isa = PBXFileReference; lastKnownFileType = sourcecode.swift; path = Letter.swift; sourceTree = "<group>"; };
		B92EF31F2886889500AEC6E9 /* Hospital.swift */ = {isa = PBXFileReference; lastKnownFileType = sourcecode.swift; path = Hospital.swift; sourceTree = "<group>"; };
		B92EF32228868AE500AEC6E9 /* FirebaseService.swift */ = {isa = PBXFileReference; lastKnownFileType = sourcecode.swift; path = FirebaseService.swift; sourceTree = "<group>"; };
		B94C2D57287FFBC300B3C442 /* Dear.app */ = {isa = PBXFileReference; explicitFileType = wrapper.application; includeInIndex = 0; path = Dear.app; sourceTree = BUILT_PRODUCTS_DIR; };
		B94C2D5A287FFBC300B3C442 /* AppDelegate.swift */ = {isa = PBXFileReference; lastKnownFileType = sourcecode.swift; path = AppDelegate.swift; sourceTree = "<group>"; };
		B94C2D5C287FFBC300B3C442 /* SceneDelegate.swift */ = {isa = PBXFileReference; lastKnownFileType = sourcecode.swift; path = SceneDelegate.swift; sourceTree = "<group>"; };
		B94C2D5E287FFBC300B3C442 /* ViewController.swift */ = {isa = PBXFileReference; lastKnownFileType = sourcecode.swift; path = ViewController.swift; sourceTree = "<group>"; };
		B94C2D61287FFBC300B3C442 /* Base */ = {isa = PBXFileReference; lastKnownFileType = file.storyboard; name = Base; path = Base.lproj/Main.storyboard; sourceTree = "<group>"; };
		B94C2D63287FFBC400B3C442 /* Assets.xcassets */ = {isa = PBXFileReference; lastKnownFileType = folder.assetcatalog; path = Assets.xcassets; sourceTree = "<group>"; };
		B94C2D66287FFBC400B3C442 /* Base */ = {isa = PBXFileReference; lastKnownFileType = file.storyboard; name = Base; path = Base.lproj/LaunchScreen.storyboard; sourceTree = "<group>"; };
		B94C2D68287FFBC400B3C442 /* Info.plist */ = {isa = PBXFileReference; lastKnownFileType = text.plist.xml; path = Info.plist; sourceTree = "<group>"; };
		B94C2D6E287FFD5000B3C442 /* GoogleService-Info.plist */ = {isa = PBXFileReference; fileEncoding = 4; lastKnownFileType = text.plist.xml; path = "GoogleService-Info.plist"; sourceTree = "<group>"; };
		B97645EB2887F0500093FDAA /* SelectUserViewController.swift */ = {isa = PBXFileReference; lastKnownFileType = sourcecode.swift; path = SelectUserViewController.swift; sourceTree = "<group>"; };
		B97EACA6288FB64900DA8A93 /* WriteLetter.storyboard */ = {isa = PBXFileReference; lastKnownFileType = file.storyboard; path = WriteLetter.storyboard; sourceTree = "<group>"; };
		B9A271E12887EAB100B504B1 /* SelectHospital.storyboard */ = {isa = PBXFileReference; fileEncoding = 4; lastKnownFileType = file.storyboard; path = SelectHospital.storyboard; sourceTree = "<group>"; };
		B9A271E32887EACF00B504B1 /* TestViewController.swift */ = {isa = PBXFileReference; fileEncoding = 4; lastKnownFileType = sourcecode.swift; path = TestViewController.swift; sourceTree = "<group>"; };
		B9A271E52887EAE200B504B1 /* HospitalViewController.swift */ = {isa = PBXFileReference; fileEncoding = 4; lastKnownFileType = sourcecode.swift; path = HospitalViewController.swift; sourceTree = "<group>"; };
		B9A271E72887EAE700B504B1 /* LetterViewController.swift */ = {isa = PBXFileReference; fileEncoding = 4; lastKnownFileType = sourcecode.swift; path = LetterViewController.swift; sourceTree = "<group>"; };
		B9A271E92887ECF400B504B1 /* SelectUser.storyboard */ = {isa = PBXFileReference; fileEncoding = 4; lastKnownFileType = file.storyboard; path = SelectUser.storyboard; sourceTree = "<group>"; };
		B9A271EB2887ED0E00B504B1 /* NurseViewController.swift */ = {isa = PBXFileReference; fileEncoding = 4; lastKnownFileType = sourcecode.swift; path = NurseViewController.swift; sourceTree = "<group>"; };
		B9A271ED2887ED0E00B504B1 /* PatientViewController.swift */ = {isa = PBXFileReference; fileEncoding = 4; lastKnownFileType = sourcecode.swift; path = PatientViewController.swift; sourceTree = "<group>"; };
		E15AC77828904D9A004BE3E8 /* NursePillBagView.storyboard */ = {isa = PBXFileReference; lastKnownFileType = file.storyboard; path = NursePillBagView.storyboard; sourceTree = "<group>"; };
		E15AC77A28904DFB004BE3E8 /* NursePillBagViewController.swift */ = {isa = PBXFileReference; lastKnownFileType = sourcecode.swift; path = NursePillBagViewController.swift; sourceTree = "<group>"; };
		E15AC7A6289114B2004BE3E8 /* NursePillBagViewCell.swift */ = {isa = PBXFileReference; lastKnownFileType = sourcecode.swift; path = NursePillBagViewCell.swift; sourceTree = "<group>"; };
		E183BD1E28922E52000A21A1 /* DashedLineView.swift */ = {isa = PBXFileReference; lastKnownFileType = sourcecode.swift; path = DashedLineView.swift; sourceTree = "<group>"; };
		EC09B6722888387000632D72 /* NurseMainViewController.swift */ = {isa = PBXFileReference; fileEncoding = 4; lastKnownFileType = sourcecode.swift; path = NurseMainViewController.swift; sourceTree = "<group>"; };
		EC09B6732888387000632D72 /* NurseMainView.storyboard */ = {isa = PBXFileReference; fileEncoding = 4; lastKnownFileType = file.storyboard; path = NurseMainView.storyboard; sourceTree = "<group>"; };
		EC09B6762888388F00632D72 /* LetterCustomTableViewCell.swift */ = {isa = PBXFileReference; fileEncoding = 4; lastKnownFileType = sourcecode.swift; path = LetterCustomTableViewCell.swift; sourceTree = "<group>"; };
		EC09B6772888388F00632D72 /* NurseMainSectionHeader.swift */ = {isa = PBXFileReference; fileEncoding = 4; lastKnownFileType = sourcecode.swift; path = NurseMainSectionHeader.swift; sourceTree = "<group>"; };
		EC09B6782888388F00632D72 /* DDayCustomTableViewCell.swift */ = {isa = PBXFileReference; fileEncoding = 4; lastKnownFileType = sourcecode.swift; path = DDayCustomTableViewCell.swift; sourceTree = "<group>"; };
		EC09B67F28883D4100632D72 /* CardDetailView.storyboard */ = {isa = PBXFileReference; fileEncoding = 4; lastKnownFileType = file.storyboard; path = CardDetailView.storyboard; sourceTree = "<group>"; };
		EC09B68028883D4200632D72 /* CardDetailViewController.swift */ = {isa = PBXFileReference; fileEncoding = 4; lastKnownFileType = sourcecode.swift; path = CardDetailViewController.swift; sourceTree = "<group>"; };
		EC09B6832888535400632D72 /* NurseMainTableHeader.swift */ = {isa = PBXFileReference; lastKnownFileType = sourcecode.swift; path = NurseMainTableHeader.swift; sourceTree = "<group>"; };
		EC622BC22892B05500F60D95 /* NursePrescriptionView.storyboard */ = {isa = PBXFileReference; lastKnownFileType = file.storyboard; path = NursePrescriptionView.storyboard; sourceTree = "<group>"; };
		EC77678F2895328700C62E0C /* UIViewController+Extension.swift */ = {isa = PBXFileReference; lastKnownFileType = sourcecode.swift; path = "UIViewController+Extension.swift"; sourceTree = "<group>"; };
		EC9633B22892BF3F0064E1BA /* NursePrescriptionViewController.swift */ = {isa = PBXFileReference; lastKnownFileType = sourcecode.swift; path = NursePrescriptionViewController.swift; sourceTree = "<group>"; };
		EC9633B62893AA730064E1BA /* Date+Extension.swift */ = {isa = PBXFileReference; lastKnownFileType = sourcecode.swift; path = "Date+Extension.swift"; sourceTree = "<group>"; };
		ECE52227288FBC7200B3C509 /* NurseMain.storyboard */ = {isa = PBXFileReference; lastKnownFileType = file.storyboard; path = NurseMain.storyboard; sourceTree = "<group>"; };
		ECF246B1289039770025581F /* NurseMainController.swift */ = {isa = PBXFileReference; lastKnownFileType = sourcecode.swift; path = NurseMainController.swift; sourceTree = "<group>"; };
		ECF246B3289039A00025581F /* UIView+Extension.swift */ = {isa = PBXFileReference; lastKnownFileType = sourcecode.swift; path = "UIView+Extension.swift"; sourceTree = "<group>"; };
		ECF246BF28910EF30025581F /* SelectMood.xib */ = {isa = PBXFileReference; lastKnownFileType = file.xib; path = SelectMood.xib; sourceTree = "<group>"; };
		ECF246C1289118B20025581F /* XibUIViewExtension.swift */ = {isa = PBXFileReference; lastKnownFileType = sourcecode.swift; path = XibUIViewExtension.swift; sourceTree = "<group>"; };
		ECF246C3289119E50025581F /* SelectMood.swift */ = {isa = PBXFileReference; lastKnownFileType = sourcecode.swift; path = SelectMood.swift; sourceTree = "<group>"; };
/* End PBXFileReference section */

/* Begin PBXFrameworksBuildPhase section */
		B94C2D54287FFBC300B3C442 /* Frameworks */ = {
			isa = PBXFrameworksBuildPhase;
			buildActionMask = 2147483647;
			files = (
				B94C2D762880002200B3C442 /* FirebaseDatabase in Frameworks */,
				B9BAD978288153D900EE530F /* FirebaseAuth in Frameworks */,
				B94C2D722880002200B3C442 /* FirebaseAnalytics in Frameworks */,
				B9BAD976288153D900EE530F /* FirebaseAnalytics in Frameworks */,
				B94C2D742880002200B3C442 /* FirebaseAuth in Frameworks */,
				B9BAD97A288153D900EE530F /* FirebaseFirestore in Frameworks */,
			);
			runOnlyForDeploymentPostprocessing = 0;
		};
/* End PBXFrameworksBuildPhase section */

/* Begin PBXGroup section */
		8E30720D289018A5007F6CB1 /* Resoures */ = {
			isa = PBXGroup;
			children = (
				8E30720E289018C7007F6CB1 /* ColorExtension.swift */,
			);
			path = Resoures;
			sourceTree = "<group>";
		};
		B92EF31C2886886800AEC6E9 /* Models */ = {
			isa = PBXGroup;
			children = (
				B92EF31D2886888B00AEC6E9 /* Letter.swift */,
				B92EF31F2886889500AEC6E9 /* Hospital.swift */,
			);
			path = Models;
			sourceTree = "<group>";
		};
		B92EF32128868AD100AEC6E9 /* Services */ = {
			isa = PBXGroup;
			children = (
				B92EF32228868AE500AEC6E9 /* FirebaseService.swift */,
			);
			path = Services;
			sourceTree = "<group>";
		};
		B94C2D4E287FFBC300B3C442 = {
			isa = PBXGroup;
			children = (
				B94C2D59287FFBC300B3C442 /* Dear */,
				B94C2D58287FFBC300B3C442 /* Products */,
			);
			sourceTree = "<group>";
		};
		B94C2D58287FFBC300B3C442 /* Products */ = {
			isa = PBXGroup;
			children = (
				B94C2D57287FFBC300B3C442 /* Dear.app */,
			);
			name = Products;
			sourceTree = "<group>";
		};
		B94C2D59287FFBC300B3C442 /* Dear */ = {
			isa = PBXGroup;
			children = (
				8E30720D289018A5007F6CB1 /* Resoures */,
				EC09B67C288838A600632D72 /* Cell */,
				B92EF32128868AD100AEC6E9 /* Services */,
				B9A271E02887EA0400B504B1 /* Views */,
				B9A271DF2887E9F400B504B1 /* Controllers */,
				B92EF31C2886886800AEC6E9 /* Models */,
				B94C2D5A287FFBC300B3C442 /* AppDelegate.swift */,
				B94C2D5C287FFBC300B3C442 /* SceneDelegate.swift */,
				B94C2D5E287FFBC300B3C442 /* ViewController.swift */,
				ECF246B3289039A00025581F /* UIView+Extension.swift */,
				ECF246C1289118B20025581F /* XibUIViewExtension.swift */,
				B94C2D60287FFBC300B3C442 /* Main.storyboard */,
				B94C2D63287FFBC400B3C442 /* Assets.xcassets */,
				B94C2D65287FFBC400B3C442 /* LaunchScreen.storyboard */,
				B94C2D68287FFBC400B3C442 /* Info.plist */,
				B94C2D6E287FFD5000B3C442 /* GoogleService-Info.plist */,
				71002E5E289274A600E7399A /* CornerRadius+Extensions.swift */,
				E183BD1E28922E52000A21A1 /* DashedLineView.swift */,
				EC9633B62893AA730064E1BA /* Date+Extension.swift */,
				EC77678F2895328700C62E0C /* UIViewController+Extension.swift */,
			);
			path = Dear;
			sourceTree = "<group>";
		};
		B9A271DF2887E9F400B504B1 /* Controllers */ = {
			isa = PBXGroup;
			children = (
				EC09B68028883D4200632D72 /* CardDetailViewController.swift */,
				EC09B6722888387000632D72 /* NurseMainViewController.swift */,
				B9A271E32887EACF00B504B1 /* TestViewController.swift */,
				B9A271E52887EAE200B504B1 /* HospitalViewController.swift */,
				B9A271E72887EAE700B504B1 /* LetterViewController.swift */,
				B9A271EB2887ED0E00B504B1 /* NurseViewController.swift */,
				B9A271ED2887ED0E00B504B1 /* PatientViewController.swift */,
				B97645EB2887F0500093FDAA /* SelectUserViewController.swift */,
				7139C348288FC60700783A28 /* PatientPillBagViewController.swift */,
				E15AC77A28904DFB004BE3E8 /* NursePillBagViewController.swift */,
				ECF246B1289039770025581F /* NurseMainController.swift */,
				EC9633B22892BF3F0064E1BA /* NursePrescriptionViewController.swift */,
			);
			path = Controllers;
			sourceTree = "<group>";
		};
		B9A271E02887EA0400B504B1 /* Views */ = {
			isa = PBXGroup;
			children = (
				EC09B67F28883D4100632D72 /* CardDetailView.storyboard */,
				EC09B6732888387000632D72 /* NurseMainView.storyboard */,
				ECE52227288FBC7200B3C509 /* NurseMain.storyboard */,
				B9A271E12887EAB100B504B1 /* SelectHospital.storyboard */,
				B9A271E92887ECF400B504B1 /* SelectUser.storyboard */,
				B97EACA6288FB64900DA8A93 /* WriteLetter.storyboard */,
				711EB700288FBE4B00468B89 /* PatientPillBagView.storyboard */,
				E15AC77828904D9A004BE3E8 /* NursePillBagView.storyboard */,
				ECF246BF28910EF30025581F /* SelectMood.xib */,
				EC622BC22892B05500F60D95 /* NursePrescriptionView.storyboard */,
			);
			path = Views;
			sourceTree = "<group>";
		};
		EC09B67C288838A600632D72 /* Cell */ = {
			isa = PBXGroup;
			children = (
				EC09B6782888388F00632D72 /* DDayCustomTableViewCell.swift */,
				EC09B6762888388F00632D72 /* LetterCustomTableViewCell.swift */,
				EC09B6772888388F00632D72 /* NurseMainSectionHeader.swift */,
				EC09B6832888535400632D72 /* NurseMainTableHeader.swift */,
				71002E58289110FC00E7399A /* PatientPillBagTableViewCell.swift */,
				E15AC7A6289114B2004BE3E8 /* NursePillBagViewCell.swift */,
				ECF246C3289119E50025581F /* SelectMood.swift */,
			);
			path = Cell;
			sourceTree = "<group>";
		};
/* End PBXGroup section */

/* Begin PBXNativeTarget section */
		B94C2D56287FFBC300B3C442 /* Dear */ = {
			isa = PBXNativeTarget;
			buildConfigurationList = B94C2D6B287FFBC400B3C442 /* Build configuration list for PBXNativeTarget "Dear" */;
			buildPhases = (
				B94C2D53287FFBC300B3C442 /* Sources */,
				B94C2D54287FFBC300B3C442 /* Frameworks */,
				B94C2D55287FFBC300B3C442 /* Resources */,
			);
			buildRules = (
			);
			dependencies = (
			);
			name = Dear;
			packageProductDependencies = (
				B94C2D712880002200B3C442 /* FirebaseAnalytics */,
				B94C2D732880002200B3C442 /* FirebaseAuth */,
				B94C2D752880002200B3C442 /* FirebaseDatabase */,
				B9BAD975288153D900EE530F /* FirebaseAnalytics */,
				B9BAD977288153D900EE530F /* FirebaseAuth */,
				B9BAD979288153D900EE530F /* FirebaseFirestore */,
			);
			productName = Dear;
			productReference = B94C2D57287FFBC300B3C442 /* Dear.app */;
			productType = "com.apple.product-type.application";
		};
/* End PBXNativeTarget section */

/* Begin PBXProject section */
		B94C2D4F287FFBC300B3C442 /* Project object */ = {
			isa = PBXProject;
			attributes = {
				BuildIndependentTargetsInParallel = 1;
				LastSwiftUpdateCheck = 1340;
				LastUpgradeCheck = 1340;
				TargetAttributes = {
					B94C2D56287FFBC300B3C442 = {
						CreatedOnToolsVersion = 13.4.1;
					};
				};
			};
			buildConfigurationList = B94C2D52287FFBC300B3C442 /* Build configuration list for PBXProject "Dear" */;
			compatibilityVersion = "Xcode 13.0";
			developmentRegion = en;
			hasScannedForEncodings = 0;
			knownRegions = (
				en,
				Base,
			);
			mainGroup = B94C2D4E287FFBC300B3C442;
			packageReferences = (
				B94C2D702880002200B3C442 /* XCRemoteSwiftPackageReference "firebase-ios-sdk" */,
			);
			productRefGroup = B94C2D58287FFBC300B3C442 /* Products */;
			projectDirPath = "";
			projectRoot = "";
			targets = (
				B94C2D56287FFBC300B3C442 /* Dear */,
			);
		};
/* End PBXProject section */

/* Begin PBXResourcesBuildPhase section */
		B94C2D55287FFBC300B3C442 /* Resources */ = {
			isa = PBXResourcesBuildPhase;
			buildActionMask = 2147483647;
			files = (
				EC622BC32892B05500F60D95 /* NursePrescriptionView.storyboard in Resources */,
				B94C2D67287FFBC400B3C442 /* LaunchScreen.storyboard in Resources */,
				711EB701288FBE4B00468B89 /* PatientPillBagView.storyboard in Resources */,
				ECE52228288FBC7200B3C509 /* NurseMain.storyboard in Resources */,
				EC09B6752888387100632D72 /* NurseMainView.storyboard in Resources */,
				ECF246C028910EF30025581F /* SelectMood.xib in Resources */,
				B94C2D6F287FFD5000B3C442 /* GoogleService-Info.plist in Resources */,
				B94C2D64287FFBC400B3C442 /* Assets.xcassets in Resources */,
				EC09B68128883D4200632D72 /* CardDetailView.storyboard in Resources */,
				B94C2D62287FFBC300B3C442 /* Main.storyboard in Resources */,
				B97EACA7288FB64900DA8A93 /* WriteLetter.storyboard in Resources */,
				B9A271E22887EAB100B504B1 /* SelectHospital.storyboard in Resources */,
				B9A271EA2887ECF400B504B1 /* SelectUser.storyboard in Resources */,
				E15AC77928904D9A004BE3E8 /* NursePillBagView.storyboard in Resources */,
			);
			runOnlyForDeploymentPostprocessing = 0;
		};
/* End PBXResourcesBuildPhase section */

/* Begin PBXSourcesBuildPhase section */
		B94C2D53287FFBC300B3C442 /* Sources */ = {
			isa = PBXSourcesBuildPhase;
			buildActionMask = 2147483647;
			files = (
				EC7767902895328700C62E0C /* UIViewController+Extension.swift in Sources */,
				EC09B68228883D4200632D72 /* CardDetailViewController.swift in Sources */,
				E15AC77B28904DFB004BE3E8 /* NursePillBagViewController.swift in Sources */,
				B94C2D5F287FFBC300B3C442 /* ViewController.swift in Sources */,
				B94C2D5B287FFBC300B3C442 /* AppDelegate.swift in Sources */,
				7139C349288FC60700783A28 /* PatientPillBagViewController.swift in Sources */,
				EC9633B72893AA730064E1BA /* Date+Extension.swift in Sources */,
				B9A271F02887ED0E00B504B1 /* PatientViewController.swift in Sources */,
				ECF246B2289039770025581F /* NurseMainController.swift in Sources */,
				B97645EC2887F0500093FDAA /* SelectUserViewController.swift in Sources */,
				EC09B6792888388F00632D72 /* LetterCustomTableViewCell.swift in Sources */,
				E15AC7A7289114B2004BE3E8 /* NursePillBagViewCell.swift in Sources */,
				B9A271E62887EAE200B504B1 /* HospitalViewController.swift in Sources */,
				ECF246B4289039A00025581F /* UIView+Extension.swift in Sources */,
				ECF246C4289119E50025581F /* SelectMood.swift in Sources */,
				EC09B6842888535400632D72 /* NurseMainTableHeader.swift in Sources */,
				71002E59289110FC00E7399A /* PatientPillBagTableViewCell.swift in Sources */,
				ECF246C2289118B20025581F /* XibUIViewExtension.swift in Sources */,
				EC09B67A2888388F00632D72 /* NurseMainSectionHeader.swift in Sources */,
				B94C2D5D287FFBC300B3C442 /* SceneDelegate.swift in Sources */,
				EC09B67B2888388F00632D72 /* DDayCustomTableViewCell.swift in Sources */,
				B9A271E42887EACF00B504B1 /* TestViewController.swift in Sources */,
				B92EF3202886889500AEC6E9 /* Hospital.swift in Sources */,
				71002E5F289274A600E7399A /* CornerRadius+Extensions.swift in Sources */,
				EC09B6742888387100632D72 /* NurseMainViewController.swift in Sources */,
				EC9633B32892BF3F0064E1BA /* NursePrescriptionViewController.swift in Sources */,
				B9A271EE2887ED0E00B504B1 /* NurseViewController.swift in Sources */,
				B92EF32328868AE500AEC6E9 /* FirebaseService.swift in Sources */,
				B9A271E82887EAE700B504B1 /* LetterViewController.swift in Sources */,
				B92EF31E2886888B00AEC6E9 /* Letter.swift in Sources */,
				E183BD1F28922E52000A21A1 /* DashedLineView.swift in Sources */,
				8E30720F289018C7007F6CB1 /* ColorExtension.swift in Sources */,
			);
			runOnlyForDeploymentPostprocessing = 0;
		};
/* End PBXSourcesBuildPhase section */

/* Begin PBXVariantGroup section */
		B94C2D60287FFBC300B3C442 /* Main.storyboard */ = {
			isa = PBXVariantGroup;
			children = (
				B94C2D61287FFBC300B3C442 /* Base */,
			);
			name = Main.storyboard;
			sourceTree = "<group>";
		};
		B94C2D65287FFBC400B3C442 /* LaunchScreen.storyboard */ = {
			isa = PBXVariantGroup;
			children = (
				B94C2D66287FFBC400B3C442 /* Base */,
			);
			name = LaunchScreen.storyboard;
			sourceTree = "<group>";
		};
/* End PBXVariantGroup section */

/* Begin XCBuildConfiguration section */
		B94C2D69287FFBC400B3C442 /* Debug */ = {
			isa = XCBuildConfiguration;
			buildSettings = {
				ALWAYS_SEARCH_USER_PATHS = NO;
				CLANG_ANALYZER_NONNULL = YES;
				CLANG_ANALYZER_NUMBER_OBJECT_CONVERSION = YES_AGGRESSIVE;
				CLANG_CXX_LANGUAGE_STANDARD = "gnu++17";
				CLANG_ENABLE_MODULES = YES;
				CLANG_ENABLE_OBJC_ARC = YES;
				CLANG_ENABLE_OBJC_WEAK = YES;
				CLANG_WARN_BLOCK_CAPTURE_AUTORELEASING = YES;
				CLANG_WARN_BOOL_CONVERSION = YES;
				CLANG_WARN_COMMA = YES;
				CLANG_WARN_CONSTANT_CONVERSION = YES;
				CLANG_WARN_DEPRECATED_OBJC_IMPLEMENTATIONS = YES;
				CLANG_WARN_DIRECT_OBJC_ISA_USAGE = YES_ERROR;
				CLANG_WARN_DOCUMENTATION_COMMENTS = YES;
				CLANG_WARN_EMPTY_BODY = YES;
				CLANG_WARN_ENUM_CONVERSION = YES;
				CLANG_WARN_INFINITE_RECURSION = YES;
				CLANG_WARN_INT_CONVERSION = YES;
				CLANG_WARN_NON_LITERAL_NULL_CONVERSION = YES;
				CLANG_WARN_OBJC_IMPLICIT_RETAIN_SELF = YES;
				CLANG_WARN_OBJC_LITERAL_CONVERSION = YES;
				CLANG_WARN_OBJC_ROOT_CLASS = YES_ERROR;
				CLANG_WARN_QUOTED_INCLUDE_IN_FRAMEWORK_HEADER = YES;
				CLANG_WARN_RANGE_LOOP_ANALYSIS = YES;
				CLANG_WARN_STRICT_PROTOTYPES = YES;
				CLANG_WARN_SUSPICIOUS_MOVE = YES;
				CLANG_WARN_UNGUARDED_AVAILABILITY = YES_AGGRESSIVE;
				CLANG_WARN_UNREACHABLE_CODE = YES;
				CLANG_WARN__DUPLICATE_METHOD_MATCH = YES;
				COPY_PHASE_STRIP = NO;
				DEBUG_INFORMATION_FORMAT = dwarf;
				ENABLE_STRICT_OBJC_MSGSEND = YES;
				ENABLE_TESTABILITY = YES;
				GCC_C_LANGUAGE_STANDARD = gnu11;
				GCC_DYNAMIC_NO_PIC = NO;
				GCC_NO_COMMON_BLOCKS = YES;
				GCC_OPTIMIZATION_LEVEL = 0;
				GCC_PREPROCESSOR_DEFINITIONS = (
					"DEBUG=1",
					"$(inherited)",
				);
				GCC_WARN_64_TO_32_BIT_CONVERSION = YES;
				GCC_WARN_ABOUT_RETURN_TYPE = YES_ERROR;
				GCC_WARN_UNDECLARED_SELECTOR = YES;
				GCC_WARN_UNINITIALIZED_AUTOS = YES_AGGRESSIVE;
				GCC_WARN_UNUSED_FUNCTION = YES;
				GCC_WARN_UNUSED_VARIABLE = YES;
				IPHONEOS_DEPLOYMENT_TARGET = 15.5;
				MTL_ENABLE_DEBUG_INFO = INCLUDE_SOURCE;
				MTL_FAST_MATH = YES;
				ONLY_ACTIVE_ARCH = YES;
				SDKROOT = iphoneos;
				SWIFT_ACTIVE_COMPILATION_CONDITIONS = DEBUG;
				SWIFT_OPTIMIZATION_LEVEL = "-Onone";
			};
			name = Debug;
		};
		B94C2D6A287FFBC400B3C442 /* Release */ = {
			isa = XCBuildConfiguration;
			buildSettings = {
				ALWAYS_SEARCH_USER_PATHS = NO;
				CLANG_ANALYZER_NONNULL = YES;
				CLANG_ANALYZER_NUMBER_OBJECT_CONVERSION = YES_AGGRESSIVE;
				CLANG_CXX_LANGUAGE_STANDARD = "gnu++17";
				CLANG_ENABLE_MODULES = YES;
				CLANG_ENABLE_OBJC_ARC = YES;
				CLANG_ENABLE_OBJC_WEAK = YES;
				CLANG_WARN_BLOCK_CAPTURE_AUTORELEASING = YES;
				CLANG_WARN_BOOL_CONVERSION = YES;
				CLANG_WARN_COMMA = YES;
				CLANG_WARN_CONSTANT_CONVERSION = YES;
				CLANG_WARN_DEPRECATED_OBJC_IMPLEMENTATIONS = YES;
				CLANG_WARN_DIRECT_OBJC_ISA_USAGE = YES_ERROR;
				CLANG_WARN_DOCUMENTATION_COMMENTS = YES;
				CLANG_WARN_EMPTY_BODY = YES;
				CLANG_WARN_ENUM_CONVERSION = YES;
				CLANG_WARN_INFINITE_RECURSION = YES;
				CLANG_WARN_INT_CONVERSION = YES;
				CLANG_WARN_NON_LITERAL_NULL_CONVERSION = YES;
				CLANG_WARN_OBJC_IMPLICIT_RETAIN_SELF = YES;
				CLANG_WARN_OBJC_LITERAL_CONVERSION = YES;
				CLANG_WARN_OBJC_ROOT_CLASS = YES_ERROR;
				CLANG_WARN_QUOTED_INCLUDE_IN_FRAMEWORK_HEADER = YES;
				CLANG_WARN_RANGE_LOOP_ANALYSIS = YES;
				CLANG_WARN_STRICT_PROTOTYPES = YES;
				CLANG_WARN_SUSPICIOUS_MOVE = YES;
				CLANG_WARN_UNGUARDED_AVAILABILITY = YES_AGGRESSIVE;
				CLANG_WARN_UNREACHABLE_CODE = YES;
				CLANG_WARN__DUPLICATE_METHOD_MATCH = YES;
				COPY_PHASE_STRIP = NO;
				DEBUG_INFORMATION_FORMAT = "dwarf-with-dsym";
				ENABLE_NS_ASSERTIONS = NO;
				ENABLE_STRICT_OBJC_MSGSEND = YES;
				GCC_C_LANGUAGE_STANDARD = gnu11;
				GCC_NO_COMMON_BLOCKS = YES;
				GCC_WARN_64_TO_32_BIT_CONVERSION = YES;
				GCC_WARN_ABOUT_RETURN_TYPE = YES_ERROR;
				GCC_WARN_UNDECLARED_SELECTOR = YES;
				GCC_WARN_UNINITIALIZED_AUTOS = YES_AGGRESSIVE;
				GCC_WARN_UNUSED_FUNCTION = YES;
				GCC_WARN_UNUSED_VARIABLE = YES;
				IPHONEOS_DEPLOYMENT_TARGET = 15.5;
				MTL_ENABLE_DEBUG_INFO = NO;
				MTL_FAST_MATH = YES;
				SDKROOT = iphoneos;
				SWIFT_COMPILATION_MODE = wholemodule;
				SWIFT_OPTIMIZATION_LEVEL = "-O";
				VALIDATE_PRODUCT = YES;
			};
			name = Release;
		};
		B94C2D6C287FFBC400B3C442 /* Debug */ = {
			isa = XCBuildConfiguration;
			buildSettings = {
				ASSETCATALOG_COMPILER_APPICON_NAME = AppIcon;
				ASSETCATALOG_COMPILER_GLOBAL_ACCENT_COLOR_NAME = AccentColor;
				CODE_SIGN_STYLE = Automatic;
				CURRENT_PROJECT_VERSION = 1;
				DEVELOPMENT_TEAM = "";
				GENERATE_INFOPLIST_FILE = YES;
				INFOPLIST_FILE = Dear/Info.plist;
				INFOPLIST_KEY_UIApplicationSupportsIndirectInputEvents = YES;
				INFOPLIST_KEY_UILaunchStoryboardName = LaunchScreen;
				INFOPLIST_KEY_UIMainStoryboardFile = Main;
				INFOPLIST_KEY_UISupportedInterfaceOrientations_iPad = "UIInterfaceOrientationPortrait UIInterfaceOrientationPortraitUpsideDown UIInterfaceOrientationLandscapeLeft UIInterfaceOrientationLandscapeRight";
				INFOPLIST_KEY_UISupportedInterfaceOrientations_iPhone = "UIInterfaceOrientationPortrait UIInterfaceOrientationLandscapeLeft UIInterfaceOrientationLandscapeRight";
				LD_RUNPATH_SEARCH_PATHS = (
					"$(inherited)",
					"@executable_path/Frameworks",
				);
				MARKETING_VERSION = 1.0;
				PRODUCT_BUNDLE_IDENTIFIER = com.soondoongboo.Dear;
				PRODUCT_NAME = "$(TARGET_NAME)";
				SWIFT_EMIT_LOC_STRINGS = YES;
				SWIFT_VERSION = 5.0;
				TARGETED_DEVICE_FAMILY = "1,2";
			};
			name = Debug;
		};
		B94C2D6D287FFBC400B3C442 /* Release */ = {
			isa = XCBuildConfiguration;
			buildSettings = {
				ASSETCATALOG_COMPILER_APPICON_NAME = AppIcon;
				ASSETCATALOG_COMPILER_GLOBAL_ACCENT_COLOR_NAME = AccentColor;
				CODE_SIGN_STYLE = Automatic;
				CURRENT_PROJECT_VERSION = 1;
				DEVELOPMENT_TEAM = "";
				GENERATE_INFOPLIST_FILE = YES;
				INFOPLIST_FILE = Dear/Info.plist;
				INFOPLIST_KEY_UIApplicationSupportsIndirectInputEvents = YES;
				INFOPLIST_KEY_UILaunchStoryboardName = LaunchScreen;
				INFOPLIST_KEY_UIMainStoryboardFile = Main;
				INFOPLIST_KEY_UISupportedInterfaceOrientations_iPad = "UIInterfaceOrientationPortrait UIInterfaceOrientationPortraitUpsideDown UIInterfaceOrientationLandscapeLeft UIInterfaceOrientationLandscapeRight";
				INFOPLIST_KEY_UISupportedInterfaceOrientations_iPhone = "UIInterfaceOrientationPortrait UIInterfaceOrientationLandscapeLeft UIInterfaceOrientationLandscapeRight";
				LD_RUNPATH_SEARCH_PATHS = (
					"$(inherited)",
					"@executable_path/Frameworks",
				);
				MARKETING_VERSION = 1.0;
				PRODUCT_BUNDLE_IDENTIFIER = com.soondoongboo.Dear;
				PRODUCT_NAME = "$(TARGET_NAME)";
				SWIFT_EMIT_LOC_STRINGS = YES;
				SWIFT_VERSION = 5.0;
				TARGETED_DEVICE_FAMILY = "1,2";
			};
			name = Release;
		};
/* End XCBuildConfiguration section */

/* Begin XCConfigurationList section */
		B94C2D52287FFBC300B3C442 /* Build configuration list for PBXProject "Dear" */ = {
			isa = XCConfigurationList;
			buildConfigurations = (
				B94C2D69287FFBC400B3C442 /* Debug */,
				B94C2D6A287FFBC400B3C442 /* Release */,
			);
			defaultConfigurationIsVisible = 0;
			defaultConfigurationName = Release;
		};
		B94C2D6B287FFBC400B3C442 /* Build configuration list for PBXNativeTarget "Dear" */ = {
			isa = XCConfigurationList;
			buildConfigurations = (
				B94C2D6C287FFBC400B3C442 /* Debug */,
				B94C2D6D287FFBC400B3C442 /* Release */,
			);
			defaultConfigurationIsVisible = 0;
			defaultConfigurationName = Release;
		};
/* End XCConfigurationList section */

/* Begin XCRemoteSwiftPackageReference section */
		B94C2D702880002200B3C442 /* XCRemoteSwiftPackageReference "firebase-ios-sdk" */ = {
			isa = XCRemoteSwiftPackageReference;
			repositoryURL = "https://github.com/firebase/firebase-ios-sdk";
			requirement = {
				kind = upToNextMajorVersion;
				minimumVersion = 9.0.0;
			};
		};
/* End XCRemoteSwiftPackageReference section */

/* Begin XCSwiftPackageProductDependency section */
		B94C2D712880002200B3C442 /* FirebaseAnalytics */ = {
			isa = XCSwiftPackageProductDependency;
			package = B94C2D702880002200B3C442 /* XCRemoteSwiftPackageReference "firebase-ios-sdk" */;
			productName = FirebaseAnalytics;
		};
		B94C2D732880002200B3C442 /* FirebaseAuth */ = {
			isa = XCSwiftPackageProductDependency;
			package = B94C2D702880002200B3C442 /* XCRemoteSwiftPackageReference "firebase-ios-sdk" */;
			productName = FirebaseAuth;
		};
		B94C2D752880002200B3C442 /* FirebaseDatabase */ = {
			isa = XCSwiftPackageProductDependency;
			package = B94C2D702880002200B3C442 /* XCRemoteSwiftPackageReference "firebase-ios-sdk" */;
			productName = FirebaseDatabase;
		};
		B9BAD975288153D900EE530F /* FirebaseAnalytics */ = {
			isa = XCSwiftPackageProductDependency;
			package = B94C2D702880002200B3C442 /* XCRemoteSwiftPackageReference "firebase-ios-sdk" */;
			productName = FirebaseAnalytics;
		};
		B9BAD977288153D900EE530F /* FirebaseAuth */ = {
			isa = XCSwiftPackageProductDependency;
			package = B94C2D702880002200B3C442 /* XCRemoteSwiftPackageReference "firebase-ios-sdk" */;
			productName = FirebaseAuth;
		};
		B9BAD979288153D900EE530F /* FirebaseFirestore */ = {
			isa = XCSwiftPackageProductDependency;
			package = B94C2D702880002200B3C442 /* XCRemoteSwiftPackageReference "firebase-ios-sdk" */;
			productName = FirebaseFirestore;
		};
/* End XCSwiftPackageProductDependency section */
	};
	rootObject = B94C2D4F287FFBC300B3C442 /* Project object */;
}
